// !$*UTF8*$!
{
	archiveVersion = 1;
	classes = {
	};
	objectVersion = 77;
	objects = {

/* Begin PBXBuildFile section */
		813DB3022D47DF8300496B35 /* Preview Assets.xcassets in Resources */ = {isa = PBXBuildFile; fileRef = 813DB2FB2D47DF8300496B35 /* Preview Assets.xcassets */; };
		813DB3032D47DF8300496B35 /* Assets.xcassets in Resources */ = {isa = PBXBuildFile; fileRef = 813DB2FD2D47DF8300496B35 /* Assets.xcassets */; };
		813DB3042D47DF8300496B35 /* AssignmentsView.swift in Sources */ = {isa = PBXBuildFile; fileRef = 813DB2FE2D47DF8300496B35 /* AssignmentsView.swift */; };
		813DB3052D47DF8300496B35 /* GradebookApp.swift in Sources */ = {isa = PBXBuildFile; fileRef = 813DB3002D47DF8300496B35 /* GradebookApp.swift */; };
		813DB3252D47E0BA00496B35 /* LandingView.swift in Sources */ = {isa = PBXBuildFile; fileRef = 813DB3222D47E0BA00496B35 /* LandingView.swift */; };
		813DB3262D47E0BA00496B35 /* GradebookMobileApp.swift in Sources */ = {isa = PBXBuildFile; fileRef = 813DB3232D47E0BA00496B35 /* GradebookMobileApp.swift */; };
		813DB3272D47E0BA00496B35 /* Preview Assets.xcassets in Resources */ = {isa = PBXBuildFile; fileRef = 813DB31F2D47E0BA00496B35 /* Preview Assets.xcassets */; };
		813DB3282D47E0BA00496B35 /* Assets.xcassets in Resources */ = {isa = PBXBuildFile; fileRef = 813DB3212D47E0BA00496B35 /* Assets.xcassets */; };
		81EB2D3B2D47E31700C455C2 /* Auth in Frameworks */ = {isa = PBXBuildFile; productRef = 81EB2D3A2D47E31700C455C2 /* Auth */; };
		81EB2D3D2D47E31700C455C2 /* Functions in Frameworks */ = {isa = PBXBuildFile; productRef = 81EB2D3C2D47E31700C455C2 /* Functions */; };
		81EB2D3F2D47E31700C455C2 /* PostgREST in Frameworks */ = {isa = PBXBuildFile; productRef = 81EB2D3E2D47E31700C455C2 /* PostgREST */; };
		81EB2D412D47E31700C455C2 /* Realtime in Frameworks */ = {isa = PBXBuildFile; productRef = 81EB2D402D47E31700C455C2 /* Realtime */; };
		81EB2D432D47E31700C455C2 /* Storage in Frameworks */ = {isa = PBXBuildFile; productRef = 81EB2D422D47E31700C455C2 /* Storage */; };
		81EB2D452D47E31700C455C2 /* Supabase in Frameworks */ = {isa = PBXBuildFile; productRef = 81EB2D442D47E31700C455C2 /* Supabase */; };
		81EB2D482D47E32300C455C2 /* Auth in Frameworks */ = {isa = PBXBuildFile; productRef = 81EB2D472D47E32300C455C2 /* Auth */; };
		81EB2D4A2D47E32300C455C2 /* Functions in Frameworks */ = {isa = PBXBuildFile; productRef = 81EB2D492D47E32300C455C2 /* Functions */; };
		81EB2D4C2D47E32300C455C2 /* PostgREST in Frameworks */ = {isa = PBXBuildFile; productRef = 81EB2D4B2D47E32300C455C2 /* PostgREST */; };
		81EB2D4E2D47E32300C455C2 /* Realtime in Frameworks */ = {isa = PBXBuildFile; productRef = 81EB2D4D2D47E32300C455C2 /* Realtime */; };
		81EB2D502D47E32300C455C2 /* Storage in Frameworks */ = {isa = PBXBuildFile; productRef = 81EB2D4F2D47E32300C455C2 /* Storage */; };
		81EB2D522D47E32300C455C2 /* Supabase in Frameworks */ = {isa = PBXBuildFile; productRef = 81EB2D512D47E32300C455C2 /* Supabase */; };
		81EB2D532D4A6DEC00C455C2 /* Logger.swift in Sources */ = {isa = PBXBuildFile; fileRef = 813DB32E2D47E22700496B35 /* Logger.swift */; };
		81EB2D542D4A6DEC00C455C2 /* DatabaseConnection.swift in Sources */ = {isa = PBXBuildFile; fileRef = 813DB32C2D47E1C100496B35 /* DatabaseConnection.swift */; };
		81EB2D562D4A6E8100C455C2 /* LandingViewModel.swift in Sources */ = {isa = PBXBuildFile; fileRef = 81EB2D552D4A6E7D00C455C2 /* LandingViewModel.swift */; };
		E0F2243A2D4A7E670050A4FF /* Student.swift in Sources */ = {isa = PBXBuildFile; fileRef = E0F224392D4A7E670050A4FF /* Student.swift */; };
/* End PBXBuildFile section */

/* Begin PBXFileReference section */
		813DB2E92D47DF7900496B35 /* Gradebook.app */ = {isa = PBXFileReference; explicitFileType = wrapper.application; includeInIndex = 0; path = Gradebook.app; sourceTree = BUILT_PRODUCTS_DIR; };
		813DB2FB2D47DF8300496B35 /* Preview Assets.xcassets */ = {isa = PBXFileReference; lastKnownFileType = folder.assetcatalog; path = "Preview Assets.xcassets"; sourceTree = "<group>"; };
		813DB2FD2D47DF8300496B35 /* Assets.xcassets */ = {isa = PBXFileReference; lastKnownFileType = folder.assetcatalog; path = Assets.xcassets; sourceTree = "<group>"; };
		813DB2FE2D47DF8300496B35 /* AssignmentsView.swift */ = {isa = PBXFileReference; lastKnownFileType = sourcecode.swift; path = AssignmentsView.swift; sourceTree = "<group>"; };
		813DB2FF2D47DF8300496B35 /* Gradebook.entitlements */ = {isa = PBXFileReference; lastKnownFileType = text.plist.entitlements; path = Gradebook.entitlements; sourceTree = "<group>"; };
		813DB3002D47DF8300496B35 /* GradebookApp.swift */ = {isa = PBXFileReference; lastKnownFileType = sourcecode.swift; path = GradebookApp.swift; sourceTree = "<group>"; };
		813DB3112D47E0B300496B35 /* GradebookMobile.app */ = {isa = PBXFileReference; explicitFileType = wrapper.application; includeInIndex = 0; path = GradebookMobile.app; sourceTree = BUILT_PRODUCTS_DIR; };
		813DB31F2D47E0BA00496B35 /* Preview Assets.xcassets */ = {isa = PBXFileReference; lastKnownFileType = folder.assetcatalog; path = "Preview Assets.xcassets"; sourceTree = "<group>"; };
		813DB3212D47E0BA00496B35 /* Assets.xcassets */ = {isa = PBXFileReference; lastKnownFileType = folder.assetcatalog; path = Assets.xcassets; sourceTree = "<group>"; };
		813DB3222D47E0BA00496B35 /* LandingView.swift */ = {isa = PBXFileReference; lastKnownFileType = sourcecode.swift; path = LandingView.swift; sourceTree = "<group>"; };
		813DB3232D47E0BA00496B35 /* GradebookMobileApp.swift */ = {isa = PBXFileReference; lastKnownFileType = sourcecode.swift; path = GradebookMobileApp.swift; sourceTree = "<group>"; };
		813DB32C2D47E1C100496B35 /* DatabaseConnection.swift */ = {isa = PBXFileReference; lastKnownFileType = sourcecode.swift; path = DatabaseConnection.swift; sourceTree = "<group>"; };
		813DB32E2D47E22700496B35 /* Logger.swift */ = {isa = PBXFileReference; lastKnownFileType = sourcecode.swift; path = Logger.swift; sourceTree = "<group>"; };
		81EB2D552D4A6E7D00C455C2 /* LandingViewModel.swift */ = {isa = PBXFileReference; lastKnownFileType = sourcecode.swift; path = LandingViewModel.swift; sourceTree = "<group>"; };
		E0F224392D4A7E670050A4FF /* Student.swift */ = {isa = PBXFileReference; lastKnownFileType = sourcecode.swift; name = Student.swift; path = GradebookMobile/Student.swift; sourceTree = SOURCE_ROOT; };
/* End PBXFileReference section */

/* Begin PBXFrameworksBuildPhase section */
		813DB2E62D47DF7900496B35 /* Frameworks */ = {
			isa = PBXFrameworksBuildPhase;
			buildActionMask = 2147483647;
			files = (
				81EB2D3F2D47E31700C455C2 /* PostgREST in Frameworks */,
				81EB2D3D2D47E31700C455C2 /* Functions in Frameworks */,
				81EB2D452D47E31700C455C2 /* Supabase in Frameworks */,
				81EB2D3B2D47E31700C455C2 /* Auth in Frameworks */,
				81EB2D432D47E31700C455C2 /* Storage in Frameworks */,
				81EB2D412D47E31700C455C2 /* Realtime in Frameworks */,
			);
			runOnlyForDeploymentPostprocessing = 0;
		};
		813DB30E2D47E0B300496B35 /* Frameworks */ = {
			isa = PBXFrameworksBuildPhase;
			buildActionMask = 2147483647;
			files = (
				81EB2D4C2D47E32300C455C2 /* PostgREST in Frameworks */,
				81EB2D4A2D47E32300C455C2 /* Functions in Frameworks */,
				81EB2D522D47E32300C455C2 /* Supabase in Frameworks */,
				81EB2D482D47E32300C455C2 /* Auth in Frameworks */,
				81EB2D502D47E32300C455C2 /* Storage in Frameworks */,
				81EB2D4E2D47E32300C455C2 /* Realtime in Frameworks */,
			);
			runOnlyForDeploymentPostprocessing = 0;
		};
/* End PBXFrameworksBuildPhase section */

/* Begin PBXGroup section */
		813DB2E02D47DF7900496B35 = {
			isa = PBXGroup;
			children = (
				813DB3062D47DFC100496B35 /* Shared */,
				813DB3012D47DF8300496B35 /* Gradebook */,
				813DB3242D47E0BA00496B35 /* GradebookMobile */,
				81EB2D462D47E32300C455C2 /* Frameworks */,
				813DB2EA2D47DF7900496B35 /* Products */,
			);
			sourceTree = "<group>";
		};
		813DB2EA2D47DF7900496B35 /* Products */ = {
			isa = PBXGroup;
			children = (
				813DB2E92D47DF7900496B35 /* Gradebook.app */,
				813DB3112D47E0B300496B35 /* GradebookMobile.app */,
			);
			name = Products;
			sourceTree = "<group>";
		};
		813DB2FC2D47DF8300496B35 /* Preview Content */ = {
			isa = PBXGroup;
			children = (
				813DB2FB2D47DF8300496B35 /* Preview Assets.xcassets */,
			);
			path = "Preview Content";
			sourceTree = "<group>";
		};
		813DB3012D47DF8300496B35 /* Gradebook */ = {
			isa = PBXGroup;
			children = (
				813DB3002D47DF8300496B35 /* GradebookApp.swift */,
				813DB30C2D47E00100496B35 /* Model */,
				813DB30B2D47DFF300496B35 /* ViewModels */,
				813DB30A2D47DFE800496B35 /* Views */,
				813DB2FC2D47DF8300496B35 /* Preview Content */,
				813DB2FD2D47DF8300496B35 /* Assets.xcassets */,
				813DB2FF2D47DF8300496B35 /* Gradebook.entitlements */,
			);
			path = Gradebook;
			sourceTree = "<group>";
		};
		813DB3062D47DFC100496B35 /* Shared */ = {
			isa = PBXGroup;
			children = (
				813DB32D2D47E21800496B35 /* Logging */,
				813DB3072D47DFC600496B35 /* Model */,
				813DB3092D47DFCE00496B35 /* ViewModels */,
				813DB3082D47DFCA00496B35 /* Views */,
			);
			path = Shared;
			sourceTree = "<group>";
		};
		813DB3072D47DFC600496B35 /* Model */ = {
			isa = PBXGroup;
			children = (
				813DB32C2D47E1C100496B35 /* DatabaseConnection.swift */,
			);
			path = Model;
			sourceTree = "<group>";
		};
		813DB3082D47DFCA00496B35 /* Views */ = {
			isa = PBXGroup;
			children = (
			);
			path = Views;
			sourceTree = "<group>";
		};
		813DB3092D47DFCE00496B35 /* ViewModels */ = {
			isa = PBXGroup;
			children = (
			);
			path = ViewModels;
			sourceTree = "<group>";
		};
		813DB30A2D47DFE800496B35 /* Views */ = {
			isa = PBXGroup;
			children = (
				813DB2FE2D47DF8300496B35 /* AssignmentsView.swift */,
			);
			path = Views;
			sourceTree = "<group>";
		};
		813DB30B2D47DFF300496B35 /* ViewModels */ = {
			isa = PBXGroup;
			children = (
			);
			path = ViewModels;
			sourceTree = "<group>";
		};
		813DB30C2D47E00100496B35 /* Model */ = {
			isa = PBXGroup;
			children = (
			);
			path = Model;
			sourceTree = "<group>";
		};
		813DB3202D47E0BA00496B35 /* Preview Content */ = {
			isa = PBXGroup;
			children = (
				813DB31F2D47E0BA00496B35 /* Preview Assets.xcassets */,
			);
			path = "Preview Content";
			sourceTree = "<group>";
		};
		813DB3242D47E0BA00496B35 /* GradebookMobile */ = {
			isa = PBXGroup;
			children = (
				813DB3232D47E0BA00496B35 /* GradebookMobileApp.swift */,
				813DB3292D47E0BD00496B35 /* Model */,
				813DB32A2D47E0C300496B35 /* ViewModels */,
				813DB32B2D47E0CE00496B35 /* Views */,
				813DB3202D47E0BA00496B35 /* Preview Content */,
				813DB3212D47E0BA00496B35 /* Assets.xcassets */,
			);
			path = GradebookMobile;
			sourceTree = "<group>";
		};
		813DB3292D47E0BD00496B35 /* Model */ = {
			isa = PBXGroup;
			children = (
				E0F224392D4A7E670050A4FF /* Student.swift */,
			);
			path = Model;
			sourceTree = "<group>";
		};
		813DB32A2D47E0C300496B35 /* ViewModels */ = {
			isa = PBXGroup;
			children = (
				81EB2D552D4A6E7D00C455C2 /* LandingViewModel.swift */,
			);
			path = ViewModels;
			sourceTree = "<group>";
		};
		813DB32B2D47E0CE00496B35 /* Views */ = {
			isa = PBXGroup;
			children = (
				813DB3222D47E0BA00496B35 /* LandingView.swift */,
			);
			path = Views;
			sourceTree = "<group>";
		};
		813DB32D2D47E21800496B35 /* Logging */ = {
			isa = PBXGroup;
			children = (
				813DB32E2D47E22700496B35 /* Logger.swift */,
			);
			path = Logging;
			sourceTree = "<group>";
		};
		81EB2D462D47E32300C455C2 /* Frameworks */ = {
			isa = PBXGroup;
			children = (
			);
			name = Frameworks;
			sourceTree = "<group>";
		};
/* End PBXGroup section */

/* Begin PBXNativeTarget section */
		813DB2E82D47DF7900496B35 /* Gradebook */ = {
			isa = PBXNativeTarget;
			buildConfigurationList = 813DB2F82D47DF7A00496B35 /* Build configuration list for PBXNativeTarget "Gradebook" */;
			buildPhases = (
				813DB2E52D47DF7900496B35 /* Sources */,
				813DB2E62D47DF7900496B35 /* Frameworks */,
				813DB2E72D47DF7900496B35 /* Resources */,
			);
			buildRules = (
			);
			dependencies = (
			);
			name = Gradebook;
			packageProductDependencies = (
				81EB2D3A2D47E31700C455C2 /* Auth */,
				81EB2D3C2D47E31700C455C2 /* Functions */,
				81EB2D3E2D47E31700C455C2 /* PostgREST */,
				81EB2D402D47E31700C455C2 /* Realtime */,
				81EB2D422D47E31700C455C2 /* Storage */,
				81EB2D442D47E31700C455C2 /* Supabase */,
			);
			productName = Gradebook;
			productReference = 813DB2E92D47DF7900496B35 /* Gradebook.app */;
			productType = "com.apple.product-type.application";
		};
		813DB3102D47E0B300496B35 /* GradebookMobile */ = {
			isa = PBXNativeTarget;
			buildConfigurationList = 813DB31C2D47E0B400496B35 /* Build configuration list for PBXNativeTarget "GradebookMobile" */;
			buildPhases = (
				813DB30D2D47E0B300496B35 /* Sources */,
				813DB30E2D47E0B300496B35 /* Frameworks */,
				813DB30F2D47E0B300496B35 /* Resources */,
			);
			buildRules = (
			);
			dependencies = (
			);
			name = GradebookMobile;
			packageProductDependencies = (
				81EB2D472D47E32300C455C2 /* Auth */,
				81EB2D492D47E32300C455C2 /* Functions */,
				81EB2D4B2D47E32300C455C2 /* PostgREST */,
				81EB2D4D2D47E32300C455C2 /* Realtime */,
				81EB2D4F2D47E32300C455C2 /* Storage */,
				81EB2D512D47E32300C455C2 /* Supabase */,
			);
			productName = GradebookMobile;
			productReference = 813DB3112D47E0B300496B35 /* GradebookMobile.app */;
			productType = "com.apple.product-type.application";
		};
/* End PBXNativeTarget section */

/* Begin PBXProject section */
		813DB2E12D47DF7900496B35 /* Project object */ = {
			isa = PBXProject;
			attributes = {
				BuildIndependentTargetsInParallel = 1;
				LastSwiftUpdateCheck = 1620;
				LastUpgradeCheck = 1620;
				TargetAttributes = {
					813DB2E82D47DF7900496B35 = {
						CreatedOnToolsVersion = 16.2;
					};
					813DB3102D47E0B300496B35 = {
						CreatedOnToolsVersion = 16.2;
					};
				};
			};
			buildConfigurationList = 813DB2E42D47DF7900496B35 /* Build configuration list for PBXProject "Gradebook" */;
			developmentRegion = en;
			hasScannedForEncodings = 0;
			knownRegions = (
				en,
				Base,
			);
			mainGroup = 813DB2E02D47DF7900496B35;
			minimizedProjectReferenceProxies = 1;
			packageReferences = (
				81EB2D392D47E31700C455C2 /* XCRemoteSwiftPackageReference "supabase-swift" */,
			);
			preferredProjectObjectVersion = 77;
			productRefGroup = 813DB2EA2D47DF7900496B35 /* Products */;
			projectDirPath = "";
			projectRoot = "";
			targets = (
				813DB2E82D47DF7900496B35 /* Gradebook */,
				813DB3102D47E0B300496B35 /* GradebookMobile */,
			);
		};
/* End PBXProject section */

/* Begin PBXResourcesBuildPhase section */
		813DB2E72D47DF7900496B35 /* Resources */ = {
			isa = PBXResourcesBuildPhase;
			buildActionMask = 2147483647;
			files = (
				813DB3022D47DF8300496B35 /* Preview Assets.xcassets in Resources */,
				813DB3032D47DF8300496B35 /* Assets.xcassets in Resources */,
			);
			runOnlyForDeploymentPostprocessing = 0;
		};
		813DB30F2D47E0B300496B35 /* Resources */ = {
			isa = PBXResourcesBuildPhase;
			buildActionMask = 2147483647;
			files = (
				813DB3272D47E0BA00496B35 /* Preview Assets.xcassets in Resources */,
				813DB3282D47E0BA00496B35 /* Assets.xcassets in Resources */,
			);
			runOnlyForDeploymentPostprocessing = 0;
		};
/* End PBXResourcesBuildPhase section */

/* Begin PBXSourcesBuildPhase section */
		813DB2E52D47DF7900496B35 /* Sources */ = {
			isa = PBXSourcesBuildPhase;
			buildActionMask = 2147483647;
			files = (
				813DB3042D47DF8300496B35 /* AssignmentsView.swift in Sources */,
				813DB3052D47DF8300496B35 /* GradebookApp.swift in Sources */,
			);
			runOnlyForDeploymentPostprocessing = 0;
		};
		813DB30D2D47E0B300496B35 /* Sources */ = {
			isa = PBXSourcesBuildPhase;
			buildActionMask = 2147483647;
			files = (
				81EB2D532D4A6DEC00C455C2 /* Logger.swift in Sources */,
				E0F2243A2D4A7E670050A4FF /* Student.swift in Sources */,
				81EB2D562D4A6E8100C455C2 /* LandingViewModel.swift in Sources */,
				81EB2D542D4A6DEC00C455C2 /* DatabaseConnection.swift in Sources */,
				813DB3252D47E0BA00496B35 /* LandingView.swift in Sources */,
				813DB3262D47E0BA00496B35 /* GradebookMobileApp.swift in Sources */,
			);
			runOnlyForDeploymentPostprocessing = 0;
		};
/* End PBXSourcesBuildPhase section */

/* Begin XCBuildConfiguration section */
		813DB2F62D47DF7A00496B35 /* Debug */ = {
			isa = XCBuildConfiguration;
			buildSettings = {
				ALWAYS_SEARCH_USER_PATHS = NO;
				ASSETCATALOG_COMPILER_GENERATE_SWIFT_ASSET_SYMBOL_EXTENSIONS = YES;
				CLANG_ANALYZER_NONNULL = YES;
				CLANG_ANALYZER_NUMBER_OBJECT_CONVERSION = YES_AGGRESSIVE;
				CLANG_CXX_LANGUAGE_STANDARD = "gnu++20";
				CLANG_ENABLE_MODULES = YES;
				CLANG_ENABLE_OBJC_ARC = YES;
				CLANG_ENABLE_OBJC_WEAK = YES;
				CLANG_WARN_BLOCK_CAPTURE_AUTORELEASING = YES;
				CLANG_WARN_BOOL_CONVERSION = YES;
				CLANG_WARN_COMMA = YES;
				CLANG_WARN_CONSTANT_CONVERSION = YES;
				CLANG_WARN_DEPRECATED_OBJC_IMPLEMENTATIONS = YES;
				CLANG_WARN_DIRECT_OBJC_ISA_USAGE = YES_ERROR;
				CLANG_WARN_DOCUMENTATION_COMMENTS = YES;
				CLANG_WARN_EMPTY_BODY = YES;
				CLANG_WARN_ENUM_CONVERSION = YES;
				CLANG_WARN_INFINITE_RECURSION = YES;
				CLANG_WARN_INT_CONVERSION = YES;
				CLANG_WARN_NON_LITERAL_NULL_CONVERSION = YES;
				CLANG_WARN_OBJC_IMPLICIT_RETAIN_SELF = YES;
				CLANG_WARN_OBJC_LITERAL_CONVERSION = YES;
				CLANG_WARN_OBJC_ROOT_CLASS = YES_ERROR;
				CLANG_WARN_QUOTED_INCLUDE_IN_FRAMEWORK_HEADER = YES;
				CLANG_WARN_RANGE_LOOP_ANALYSIS = YES;
				CLANG_WARN_STRICT_PROTOTYPES = YES;
				CLANG_WARN_SUSPICIOUS_MOVE = YES;
				CLANG_WARN_UNGUARDED_AVAILABILITY = YES_AGGRESSIVE;
				CLANG_WARN_UNREACHABLE_CODE = YES;
				CLANG_WARN__DUPLICATE_METHOD_MATCH = YES;
				COPY_PHASE_STRIP = NO;
				DEBUG_INFORMATION_FORMAT = dwarf;
				ENABLE_STRICT_OBJC_MSGSEND = YES;
				ENABLE_TESTABILITY = YES;
				ENABLE_USER_SCRIPT_SANDBOXING = YES;
				GCC_C_LANGUAGE_STANDARD = gnu17;
				GCC_DYNAMIC_NO_PIC = NO;
				GCC_NO_COMMON_BLOCKS = YES;
				GCC_OPTIMIZATION_LEVEL = 0;
				GCC_PREPROCESSOR_DEFINITIONS = (
					"DEBUG=1",
					"$(inherited)",
				);
				GCC_WARN_64_TO_32_BIT_CONVERSION = YES;
				GCC_WARN_ABOUT_RETURN_TYPE = YES_ERROR;
				GCC_WARN_UNDECLARED_SELECTOR = YES;
				GCC_WARN_UNINITIALIZED_AUTOS = YES_AGGRESSIVE;
				GCC_WARN_UNUSED_FUNCTION = YES;
				GCC_WARN_UNUSED_VARIABLE = YES;
				LOCALIZATION_PREFERS_STRING_CATALOGS = YES;
				MACOSX_DEPLOYMENT_TARGET = 14.7;
				MTL_ENABLE_DEBUG_INFO = INCLUDE_SOURCE;
				MTL_FAST_MATH = YES;
				ONLY_ACTIVE_ARCH = YES;
				SDKROOT = macosx;
				SWIFT_ACTIVE_COMPILATION_CONDITIONS = "DEBUG $(inherited)";
				SWIFT_OPTIMIZATION_LEVEL = "-Onone";
			};
			name = Debug;
		};
		813DB2F72D47DF7A00496B35 /* Release */ = {
			isa = XCBuildConfiguration;
			buildSettings = {
				ALWAYS_SEARCH_USER_PATHS = NO;
				ASSETCATALOG_COMPILER_GENERATE_SWIFT_ASSET_SYMBOL_EXTENSIONS = YES;
				CLANG_ANALYZER_NONNULL = YES;
				CLANG_ANALYZER_NUMBER_OBJECT_CONVERSION = YES_AGGRESSIVE;
				CLANG_CXX_LANGUAGE_STANDARD = "gnu++20";
				CLANG_ENABLE_MODULES = YES;
				CLANG_ENABLE_OBJC_ARC = YES;
				CLANG_ENABLE_OBJC_WEAK = YES;
				CLANG_WARN_BLOCK_CAPTURE_AUTORELEASING = YES;
				CLANG_WARN_BOOL_CONVERSION = YES;
				CLANG_WARN_COMMA = YES;
				CLANG_WARN_CONSTANT_CONVERSION = YES;
				CLANG_WARN_DEPRECATED_OBJC_IMPLEMENTATIONS = YES;
				CLANG_WARN_DIRECT_OBJC_ISA_USAGE = YES_ERROR;
				CLANG_WARN_DOCUMENTATION_COMMENTS = YES;
				CLANG_WARN_EMPTY_BODY = YES;
				CLANG_WARN_ENUM_CONVERSION = YES;
				CLANG_WARN_INFINITE_RECURSION = YES;
				CLANG_WARN_INT_CONVERSION = YES;
				CLANG_WARN_NON_LITERAL_NULL_CONVERSION = YES;
				CLANG_WARN_OBJC_IMPLICIT_RETAIN_SELF = YES;
				CLANG_WARN_OBJC_LITERAL_CONVERSION = YES;
				CLANG_WARN_OBJC_ROOT_CLASS = YES_ERROR;
				CLANG_WARN_QUOTED_INCLUDE_IN_FRAMEWORK_HEADER = YES;
				CLANG_WARN_RANGE_LOOP_ANALYSIS = YES;
				CLANG_WARN_STRICT_PROTOTYPES = YES;
				CLANG_WARN_SUSPICIOUS_MOVE = YES;
				CLANG_WARN_UNGUARDED_AVAILABILITY = YES_AGGRESSIVE;
				CLANG_WARN_UNREACHABLE_CODE = YES;
				CLANG_WARN__DUPLICATE_METHOD_MATCH = YES;
				COPY_PHASE_STRIP = NO;
				DEBUG_INFORMATION_FORMAT = "dwarf-with-dsym";
				ENABLE_NS_ASSERTIONS = NO;
				ENABLE_STRICT_OBJC_MSGSEND = YES;
				ENABLE_USER_SCRIPT_SANDBOXING = YES;
				GCC_C_LANGUAGE_STANDARD = gnu17;
				GCC_NO_COMMON_BLOCKS = YES;
				GCC_WARN_64_TO_32_BIT_CONVERSION = YES;
				GCC_WARN_ABOUT_RETURN_TYPE = YES_ERROR;
				GCC_WARN_UNDECLARED_SELECTOR = YES;
				GCC_WARN_UNINITIALIZED_AUTOS = YES_AGGRESSIVE;
				GCC_WARN_UNUSED_FUNCTION = YES;
				GCC_WARN_UNUSED_VARIABLE = YES;
				LOCALIZATION_PREFERS_STRING_CATALOGS = YES;
				MACOSX_DEPLOYMENT_TARGET = 14.7;
				MTL_ENABLE_DEBUG_INFO = NO;
				MTL_FAST_MATH = YES;
				SDKROOT = macosx;
				SWIFT_COMPILATION_MODE = wholemodule;
			};
			name = Release;
		};
		813DB2F92D47DF7A00496B35 /* Debug */ = {
			isa = XCBuildConfiguration;
			buildSettings = {
				ASSETCATALOG_COMPILER_APPICON_NAME = AppIcon;
				ASSETCATALOG_COMPILER_GLOBAL_ACCENT_COLOR_NAME = AccentColor;
				CODE_SIGN_ENTITLEMENTS = Gradebook/Gradebook.entitlements;
				CODE_SIGN_STYLE = Automatic;
				COMBINE_HIDPI_IMAGES = YES;
				CURRENT_PROJECT_VERSION = 1;
				DEVELOPMENT_ASSET_PATHS = "\"Gradebook/Preview Content\"";
				DEVELOPMENT_TEAM = 4UG443984D;
				ENABLE_HARDENED_RUNTIME = YES;
				ENABLE_PREVIEWS = YES;
				GENERATE_INFOPLIST_FILE = YES;
				INFOPLIST_KEY_NSHumanReadableCopyright = "";
				LD_RUNPATH_SEARCH_PATHS = (
					"$(inherited)",
					"@executable_path/../Frameworks",
				);
				MARKETING_VERSION = 1.0;
				PRODUCT_BUNDLE_IDENTIFIER = ca.russellgordon.Gradebook;
				PRODUCT_NAME = "$(TARGET_NAME)";
				SWIFT_EMIT_LOC_STRINGS = YES;
				SWIFT_VERSION = 5.0;
			};
			name = Debug;
		};
		813DB2FA2D47DF7A00496B35 /* Release */ = {
			isa = XCBuildConfiguration;
			buildSettings = {
				ASSETCATALOG_COMPILER_APPICON_NAME = AppIcon;
				ASSETCATALOG_COMPILER_GLOBAL_ACCENT_COLOR_NAME = AccentColor;
				CODE_SIGN_ENTITLEMENTS = Gradebook/Gradebook.entitlements;
				CODE_SIGN_STYLE = Automatic;
				COMBINE_HIDPI_IMAGES = YES;
				CURRENT_PROJECT_VERSION = 1;
				DEVELOPMENT_ASSET_PATHS = "\"Gradebook/Preview Content\"";
				DEVELOPMENT_TEAM = 4UG443984D;
				ENABLE_HARDENED_RUNTIME = YES;
				ENABLE_PREVIEWS = YES;
				GENERATE_INFOPLIST_FILE = YES;
				INFOPLIST_KEY_NSHumanReadableCopyright = "";
				LD_RUNPATH_SEARCH_PATHS = (
					"$(inherited)",
					"@executable_path/../Frameworks",
				);
				MARKETING_VERSION = 1.0;
				PRODUCT_BUNDLE_IDENTIFIER = ca.russellgordon.Gradebook;
				PRODUCT_NAME = "$(TARGET_NAME)";
				SWIFT_EMIT_LOC_STRINGS = YES;
				SWIFT_VERSION = 5.0;
			};
			name = Release;
		};
		813DB31D2D47E0B400496B35 /* Debug */ = {
			isa = XCBuildConfiguration;
			buildSettings = {
				ASSETCATALOG_COMPILER_APPICON_NAME = AppIcon;
				ASSETCATALOG_COMPILER_GLOBAL_ACCENT_COLOR_NAME = AccentColor;
				CODE_SIGN_STYLE = Automatic;
				CURRENT_PROJECT_VERSION = 1;
				DEVELOPMENT_ASSET_PATHS = "\"GradebookMobile/Preview Content\"";
				DEVELOPMENT_TEAM = 4UG443984D;
				ENABLE_PREVIEWS = YES;
				GENERATE_INFOPLIST_FILE = YES;
				INFOPLIST_KEY_UIApplicationSceneManifest_Generation = YES;
				INFOPLIST_KEY_UIApplicationSupportsIndirectInputEvents = YES;
				INFOPLIST_KEY_UILaunchScreen_Generation = YES;
				INFOPLIST_KEY_UISupportedInterfaceOrientations_iPad = "UIInterfaceOrientationPortrait UIInterfaceOrientationPortraitUpsideDown UIInterfaceOrientationLandscapeLeft UIInterfaceOrientationLandscapeRight";
				INFOPLIST_KEY_UISupportedInterfaceOrientations_iPhone = "UIInterfaceOrientationPortrait UIInterfaceOrientationLandscapeLeft UIInterfaceOrientationLandscapeRight";
				IPHONEOS_DEPLOYMENT_TARGET = 18.0;
				LD_RUNPATH_SEARCH_PATHS = (
					"$(inherited)",
					"@executable_path/Frameworks",
				);
				MARKETING_VERSION = 1.0;
				PRODUCT_BUNDLE_IDENTIFIER = ca.russellgordon.GradebookMobile;
				PRODUCT_NAME = "$(TARGET_NAME)";
				SDKROOT = iphoneos;
				SWIFT_EMIT_LOC_STRINGS = YES;
				SWIFT_VERSION = 5.0;
				TARGETED_DEVICE_FAMILY = "1,2";
			};
			name = Debug;
		};
		813DB31E2D47E0B400496B35 /* Release */ = {
			isa = XCBuildConfiguration;
			buildSettings = {
				ASSETCATALOG_COMPILER_APPICON_NAME = AppIcon;
				ASSETCATALOG_COMPILER_GLOBAL_ACCENT_COLOR_NAME = AccentColor;
				CODE_SIGN_STYLE = Automatic;
				CURRENT_PROJECT_VERSION = 1;
				DEVELOPMENT_ASSET_PATHS = "\"GradebookMobile/Preview Content\"";
				DEVELOPMENT_TEAM = 4UG443984D;
				ENABLE_PREVIEWS = YES;
				GENERATE_INFOPLIST_FILE = YES;
				INFOPLIST_KEY_UIApplicationSceneManifest_Generation = YES;
				INFOPLIST_KEY_UIApplicationSupportsIndirectInputEvents = YES;
				INFOPLIST_KEY_UILaunchScreen_Generation = YES;
				INFOPLIST_KEY_UISupportedInterfaceOrientations_iPad = "UIInterfaceOrientationPortrait UIInterfaceOrientationPortraitUpsideDown UIInterfaceOrientationLandscapeLeft UIInterfaceOrientationLandscapeRight";
				INFOPLIST_KEY_UISupportedInterfaceOrientations_iPhone = "UIInterfaceOrientationPortrait UIInterfaceOrientationLandscapeLeft UIInterfaceOrientationLandscapeRight";
				IPHONEOS_DEPLOYMENT_TARGET = 18.0;
				LD_RUNPATH_SEARCH_PATHS = (
					"$(inherited)",
					"@executable_path/Frameworks",
				);
				MARKETING_VERSION = 1.0;
				PRODUCT_BUNDLE_IDENTIFIER = ca.russellgordon.GradebookMobile;
				PRODUCT_NAME = "$(TARGET_NAME)";
				SDKROOT = iphoneos;
				SWIFT_EMIT_LOC_STRINGS = YES;
				SWIFT_VERSION = 5.0;
				TARGETED_DEVICE_FAMILY = "1,2";
				VALIDATE_PRODUCT = YES;
			};
			name = Release;
		};
/* End XCBuildConfiguration section */

/* Begin XCConfigurationList section */
		813DB2E42D47DF7900496B35 /* Build configuration list for PBXProject "Gradebook" */ = {
			isa = XCConfigurationList;
			buildConfigurations = (
				813DB2F62D47DF7A00496B35 /* Debug */,
				813DB2F72D47DF7A00496B35 /* Release */,
			);
			defaultConfigurationIsVisible = 0;
			defaultConfigurationName = Release;
		};
		813DB2F82D47DF7A00496B35 /* Build configuration list for PBXNativeTarget "Gradebook" */ = {
			isa = XCConfigurationList;
			buildConfigurations = (
				813DB2F92D47DF7A00496B35 /* Debug */,
				813DB2FA2D47DF7A00496B35 /* Release */,
			);
			defaultConfigurationIsVisible = 0;
			defaultConfigurationName = Release;
		};
		813DB31C2D47E0B400496B35 /* Build configuration list for PBXNativeTarget "GradebookMobile" */ = {
			isa = XCConfigurationList;
			buildConfigurations = (
				813DB31D2D47E0B400496B35 /* Debug */,
				813DB31E2D47E0B400496B35 /* Release */,
			);
			defaultConfigurationIsVisible = 0;
			defaultConfigurationName = Release;
		};
/* End XCConfigurationList section */

/* Begin XCRemoteSwiftPackageReference section */
		81EB2D392D47E31700C455C2 /* XCRemoteSwiftPackageReference "supabase-swift" */ = {
			isa = XCRemoteSwiftPackageReference;
			repositoryURL = "https://github.com/supabase-community/supabase-swift";
			requirement = {
				kind = upToNextMajorVersion;
				minimumVersion = 2.5.1;
			};
		};
/* End XCRemoteSwiftPackageReference section */

/* Begin XCSwiftPackageProductDependency section */
		81EB2D3A2D47E31700C455C2 /* Auth */ = {
			isa = XCSwiftPackageProductDependency;
			package = 81EB2D392D47E31700C455C2 /* XCRemoteSwiftPackageReference "supabase-swift" */;
			productName = Auth;
		};
		81EB2D3C2D47E31700C455C2 /* Functions */ = {
			isa = XCSwiftPackageProductDependency;
			package = 81EB2D392D47E31700C455C2 /* XCRemoteSwiftPackageReference "supabase-swift" */;
			productName = Functions;
		};
		81EB2D3E2D47E31700C455C2 /* PostgREST */ = {
			isa = XCSwiftPackageProductDependency;
			package = 81EB2D392D47E31700C455C2 /* XCRemoteSwiftPackageReference "supabase-swift" */;
			productName = PostgREST;
		};
		81EB2D402D47E31700C455C2 /* Realtime */ = {
			isa = XCSwiftPackageProductDependency;
			package = 81EB2D392D47E31700C455C2 /* XCRemoteSwiftPackageReference "supabase-swift" */;
			productName = Realtime;
		};
		81EB2D422D47E31700C455C2 /* Storage */ = {
			isa = XCSwiftPackageProductDependency;
			package = 81EB2D392D47E31700C455C2 /* XCRemoteSwiftPackageReference "supabase-swift" */;
			productName = Storage;
		};
		81EB2D442D47E31700C455C2 /* Supabase */ = {
			isa = XCSwiftPackageProductDependency;
			package = 81EB2D392D47E31700C455C2 /* XCRemoteSwiftPackageReference "supabase-swift" */;
			productName = Supabase;
		};
		81EB2D472D47E32300C455C2 /* Auth */ = {
			isa = XCSwiftPackageProductDependency;
			package = 81EB2D392D47E31700C455C2 /* XCRemoteSwiftPackageReference "supabase-swift" */;
			productName = Auth;
		};
		81EB2D492D47E32300C455C2 /* Functions */ = {
			isa = XCSwiftPackageProductDependency;
			package = 81EB2D392D47E31700C455C2 /* XCRemoteSwiftPackageReference "supabase-swift" */;
			productName = Functions;
		};
		81EB2D4B2D47E32300C455C2 /* PostgREST */ = {
			isa = XCSwiftPackageProductDependency;
			package = 81EB2D392D47E31700C455C2 /* XCRemoteSwiftPackageReference "supabase-swift" */;
			productName = PostgREST;
		};
		81EB2D4D2D47E32300C455C2 /* Realtime */ = {
			isa = XCSwiftPackageProductDependency;
			package = 81EB2D392D47E31700C455C2 /* XCRemoteSwiftPackageReference "supabase-swift" */;
			productName = Realtime;
		};
		81EB2D4F2D47E32300C455C2 /* Storage */ = {
			isa = XCSwiftPackageProductDependency;
			package = 81EB2D392D47E31700C455C2 /* XCRemoteSwiftPackageReference "supabase-swift" */;
			productName = Storage;
		};
		81EB2D512D47E32300C455C2 /* Supabase */ = {
			isa = XCSwiftPackageProductDependency;
			package = 81EB2D392D47E31700C455C2 /* XCRemoteSwiftPackageReference "supabase-swift" */;
			productName = Supabase;
		};
/* End XCSwiftPackageProductDependency section */
	};
	rootObject = 813DB2E12D47DF7900496B35 /* Project object */;
}
